
Microsoft Visual Studio Solution File, Format Version 12.00
# Visual Studio Version 16
VisualStudioVersion = 16.0.31729.503
MinimumVisualStudioVersion = 10.0.40219.1
Project("{FAE04EC0-301F-11D3-BF4B-00C04F79EFBC}") = "Zakoder", "Zakoder\Zakoder.csproj", "{EC4130F9-63E1-4908-B839-706EFE3EAC43}"
EndProject
Global
	GlobalSection(SolutionConfigurationPlatforms) = preSolution
		Debug|Any CPU = Debug|Any CPU
		Release|Any CPU = Release|Any CPU
	EndGlobalSection
	GlobalSection(ProjectConfigurationPlatforms) = postSolution
		{EC4130F9-63E1-4908-B839-706EFE3EAC43}.Debug|Any CPU.ActiveCfg = Debug|Any CPU
		{EC4130F9-63E1-4908-B839-706EFE3EAC43}.Debug|Any CPU.Build.0 = Debug|Any CPU
		{EC4130F9-63E1-4908-B839-706EFE3EAC43}.Release|Any CPU.ActiveCfg = Release|Any CPU
		{EC4130F9-63E1-4908-B839-706EFE3EAC43}.Release|Any CPU.Build.0 = Release|Any CPU
	EndGlobalSection
	GlobalSection(SolutionProperties) = preSolution
		HideSolutionNode = FALSE
	EndGlobalSection
	GlobalSection(ExtensibilityGlobals) = postSolution
		SolutionGuid = {8334EFA0-CF97-4E30-8CA7-E9AEE66BB6B6}
	EndGlobalSection
EndGlobal
